{
    "_meta": {
        "hash": {
            "sha256": "ede3b2daca672895c9faed2f925a325c4075c07825523e61f20fc19d03b317a3"
        },
        "pipfile-spec": 6,
        "requires": {
            "python_version": "3.8"
        },
        "sources": [
            {
                "name": "pypi",
                "url": "https://pypi.org/simple",
                "verify_ssl": true
            }
        ]
    },
    "default": {
        "numpy": {
            "hashes": [
                "sha256:0172304e7d8d40e9e49553901903dc5f5a49a703363ed756796f5808a06fc233",
                "sha256:34e96e9dae65c4839bd80012023aadd6ee2ccb73ce7fdf3074c62f301e63120b",
                "sha256:3676abe3d621fc467c4c1469ee11e395c82b2d6b5463a9454e37fe9da07cd0d7",
                "sha256:3dd6823d3e04b5f223e3e265b4a1eae15f104f4366edd409e5a5e413a98f911f",
                "sha256:4064f53d4cce69e9ac613256dc2162e56f20a4e2d2086b1956dd2fcf77b7fac5",
                "sha256:4674f7d27a6c1c52a4d1aa5f0881f1eff840d2206989bae6acb1c7668c02ebfb",
                "sha256:7d42ab8cedd175b5ebcb39b5208b25ba104842489ed59fbb29356f671ac93583",
                "sha256:965df25449305092b23d5145b9bdaeb0149b6e41a77a7d728b1644b3c99277c1",
                "sha256:9c9d6531bc1886454f44aa8f809268bc481295cf9740827254f53c30104f074a",
                "sha256:a78e438db8ec26d5d9d0e584b27ef25c7afa5a182d1bf4d05e313d2d6d515271",
                "sha256:a7acefddf994af1aeba05bbbafe4ba983a187079f125146dc5859e6d817df824",
                "sha256:a87f59508c2b7ceb8631c20630118cc546f1f815e034193dc72390db038a5cb3",
                "sha256:ac792b385d81151bae2a5a8adb2b88261ceb4976dbfaaad9ce3a200e036753dc",
                "sha256:b03b2c0badeb606d1232e5f78852c102c0a7989d3a534b3129e7856a52f3d161",
                "sha256:b39321f1a74d1f9183bf1638a745b4fd6fe80efbb1f6b32b932a588b4bc7695f",
                "sha256:cae14a01a159b1ed91a324722d746523ec757357260c6804d11d6147a9e53e3f",
                "sha256:cd49930af1d1e49a812d987c2620ee63965b619257bd76eaaa95870ca08837cf",
                "sha256:e15b382603c58f24265c9c931c9a45eebf44fe2e6b4eaedbb0d025ab3255228b",
                "sha256:e91d31b34fc7c2c8f756b4e902f901f856ae53a93399368d9a0dc7be17ed2ca0",
                "sha256:ef627986941b5edd1ed74ba89ca43196ed197f1a206a3f18cc9faf2fb84fd675",
                "sha256:f718a7949d1c4f622ff548c572e0c03440b49b9531ff00e4ed5738b459f011e8"
            ],
            "markers": "python_version >= '3.5'",
            "version": "==1.18.5"
        },
        "opencv-contrib-python": {
            "hashes": [
                "sha256:0d3698df7120a85e5f94cb2cd309a40d4c516a13c10e47f8cd5d1117147059dd",
                "sha256:1f520803ebac7b3f4f8416a4af582bf6f1f9024cd738679508dc712e2df3699c",
                "sha256:254d0b5b02417ad0f12ca321ad3ed1b6982f2b0733a7c5c620434a49b37909fc",
                "sha256:2b7901ece00fe9e37d4ca126ec96ab638f6cef8fa0bfa38e7b9daeb5306f8067",
                "sha256:30b4ff5e2e3052860c9b7c825d54dbc170e7181d17600f17ac3b0674312a42d0",
                "sha256:49e051f9101e67945b8417b5529e3a9bf624b042e4db9c5c5461c6726c6a6bf4",
                "sha256:67553ce62075ef5b3005bdf524d7ae8980d3006b5e7dec9037c6db4153db37c0",
                "sha256:6d745e6806b5d6844faee610c6ea37d34e600cdc33c68322697f90e9d5c1e379",
                "sha256:97075b8021ea0739de2370ca7d88b1ff50fb7d10dd4e33325e70e1b29f77e788",
                "sha256:a1d052df7eb7f5d866c432811ddfe94bcafc0299360abae4243dcad7312294a4",
                "sha256:aa64e1062ac78ff7c11dea06b00af138ca77620c09994c47c01a80f85bceed33",
                "sha256:ab5b9a36d90f8919d29b31c7f000fc79fd745fa41e71bab282996a4792ced1f4",
                "sha256:b08d709530d2136336861e64734a29a6dcfdd86dd098f2c1c4ff7f1edc86abb2",
                "sha256:b30432bca00f258547390fd7c68cc9a8fee1e6a79b29245a6f5c611a943d3910",
                "sha256:c32d626d8688fbe9896ebfb5956242e2c6edf57f8d40660e30667d56a5f0eb17",
                "sha256:c637f3c58dfb3a835790203d06715058ca4851d7d0d0a83535f5df482f3024c0",
                "sha256:e1f1446ad583ee7381308ef7c21712110a579d32184c871e772fe5dd1832a1c5",
                "sha256:ed6071753afac22109597ba5698fd35fed542fd16c4e005892a13ddf6b99dfd1",
                "sha256:f265398d3243e4dc0d1f436d2f0eb2ebd91d0a7adb7c22da485e48c8dbb10d35",
                "sha256:f709131bfb9235e8fa2ded9c4729c2639c569438d905d2b9d096a4553963e083"
            ],
            "index": "pypi",
            "version": "==4.2.0.34"
        }
    },
    "develop": {}
}
